
Microsoft Visual Studio Solution File, Format Version 12.00
# Visual Studio Version 16
VisualStudioVersion = 16.0.33214.272
MinimumVisualStudioVersion = 10.0.40219.1
Project("{FAE04EC0-301F-11D3-BF4B-00C04F79EFBC}") = "TDesktop", "TDesktop.csproj", "{74A65A47-5187-4302-A464-34F141D27454}"
EndProject
Global
	GlobalSection(SolutionConfigurationPlatforms) = preSolution
		Debug|Any CPU = Debug|Any CPU
		Release|Any CPU = Release|Any CPU
	EndGlobalSection
	GlobalSection(ProjectConfigurationPlatforms) = postSolution
		{74A65A47-5187-4302-A464-34F141D27454}.Debug|Any CPU.ActiveCfg = Debug|Any CPU
		{74A65A47-5187-4302-A464-34F141D27454}.Debug|Any CPU.Build.0 = Debug|Any CPU
		{74A65A47-5187-4302-A464-34F141D27454}.Release|Any CPU.ActiveCfg = Release|Any CPU
		{74A65A47-5187-4302-A464-34F141D27454}.Release|Any CPU.Build.0 = Release|Any CPU
	EndGlobalSection
	GlobalSection(SolutionProperties) = preSolution
		HideSolutionNode = FALSE
	EndGlobalSection
	GlobalSection(ExtensibilityGlobals) = postSolution
		SolutionGuid = {057648C6-C41C-4B2F-A34D-798C4B7B5ABD}
	EndGlobalSection
EndGlobal
